
Microsoft Visual Studio Solution File, Format Version 12.00
# Visual Studio 2015
Project("{FAE04EC0-301F-11D3-BF4B-00C04F79EFBC}") = "mlpv.CSharp.Plugins", "mlpv.CSharp.Plugins.csproj", "{0D48C579-1A11-A612-0D7B-5C490694E7BC}"
EndProject
Project("{FAE04EC0-301F-11D3-BF4B-00C04F79EFBC}") = "mlpv.CSharp", "mlpv.CSharp.csproj", "{BA7A55F9-C46A-2B73-C2B5-C4D8E7332493}"
EndProject
Project("{FAE04EC0-301F-11D3-BF4B-00C04F79EFBC}") = "mlpv.CSharp.Editor", "mlpv.CSharp.Editor.csproj", "{51DDD9AE-96D3-9ED9-262F-131DCC281770}"
EndProject
Global
	GlobalSection(SolutionConfigurationPlatforms) = preSolution
		Debug|Any CPU = Debug|Any CPU
		Release|Any CPU = Release|Any CPU
	EndGlobalSection
	GlobalSection(ProjectConfigurationPlatforms) = postSolution
		{0D48C579-1A11-A612-0D7B-5C490694E7BC}.Debug|Any CPU.ActiveCfg = Debug|Any CPU
		{0D48C579-1A11-A612-0D7B-5C490694E7BC}.Debug|Any CPU.Build.0 = Debug|Any CPU
		{0D48C579-1A11-A612-0D7B-5C490694E7BC}.Release|Any CPU.ActiveCfg = Release|Any CPU
		{0D48C579-1A11-A612-0D7B-5C490694E7BC}.Release|Any CPU.Build.0 = Release|Any CPU
		{BA7A55F9-C46A-2B73-C2B5-C4D8E7332493}.Debug|Any CPU.ActiveCfg = Debug|Any CPU
		{BA7A55F9-C46A-2B73-C2B5-C4D8E7332493}.Debug|Any CPU.Build.0 = Debug|Any CPU
		{BA7A55F9-C46A-2B73-C2B5-C4D8E7332493}.Release|Any CPU.ActiveCfg = Release|Any CPU
		{BA7A55F9-C46A-2B73-C2B5-C4D8E7332493}.Release|Any CPU.Build.0 = Release|Any CPU
		{51DDD9AE-96D3-9ED9-262F-131DCC281770}.Debug|Any CPU.ActiveCfg = Debug|Any CPU
		{51DDD9AE-96D3-9ED9-262F-131DCC281770}.Debug|Any CPU.Build.0 = Debug|Any CPU
		{51DDD9AE-96D3-9ED9-262F-131DCC281770}.Release|Any CPU.ActiveCfg = Release|Any CPU
		{51DDD9AE-96D3-9ED9-262F-131DCC281770}.Release|Any CPU.Build.0 = Release|Any CPU
	EndGlobalSection
	GlobalSection(SolutionProperties) = preSolution
		HideSolutionNode = FALSE
	EndGlobalSection
EndGlobal
